
Microsoft Visual Studio Solution File, Format Version 12.00
# Visual Studio Version 17
VisualStudioVersion = 17.8.34330.188
MinimumVisualStudioVersion = 10.0.40219.1
Project("{8BC9CEB8-8B4A-11D0-8D11-00A0C91BC942}") = "01_排序", "01_排序\01_排序.vcxproj", "{606846B7-6F9C-4362-A550-7F73FBF78916}"
EndProject
Global
	GlobalSection(SolutionConfigurationPlatforms) = preSolution
		Debug|x64 = Debug|x64
		Debug|x86 = Debug|x86
		Release|x64 = Release|x64
		Release|x86 = Release|x86
	EndGlobalSection
	GlobalSection(ProjectConfigurationPlatforms) = postSolution
		{606846B7-6F9C-4362-A550-7F73FBF78916}.Debug|x64.ActiveCfg = Debug|x64
		{606846B7-6F9C-4362-A550-7F73FBF78916}.Debug|x64.Build.0 = Debug|x64
		{606846B7-6F9C-4362-A550-7F73FBF78916}.Debug|x86.ActiveCfg = Debug|Win32
		{606846B7-6F9C-4362-A550-7F73FBF78916}.Debug|x86.Build.0 = Debug|Win32
		{606846B7-6F9C-4362-A550-7F73FBF78916}.Release|x64.ActiveCfg = Release|x64
		{606846B7-6F9C-4362-A550-7F73FBF78916}.Release|x64.Build.0 = Release|x64
		{606846B7-6F9C-4362-A550-7F73FBF78916}.Release|x86.ActiveCfg = Release|Win32
		{606846B7-6F9C-4362-A550-7F73FBF78916}.Release|x86.Build.0 = Release|Win32
	EndGlobalSection
	GlobalSection(SolutionProperties) = preSolution
		HideSolutionNode = FALSE
	EndGlobalSection
	GlobalSection(ExtensibilityGlobals) = postSolution
		SolutionGuid = {D543A8D3-6823-426D-8853-C9D56E60BA86}
	EndGlobalSection
EndGlobal
